
Microsoft Visual Studio Solution File, Format Version 12.00
# Visual Studio 15
Project("{FAE04EC0-301F-11D3-BF4B-00C04F79EFBC}") = "C-Connection", "C-Connection.csproj", "{AC8308EC-4213-4249-8112-D5643C4441ED}"
EndProject
Global
	GlobalSection(SolutionConfigurationPlatforms) = preSolution
		Debug|Any CPU = Debug|Any CPU
		Release|Any CPU = Release|Any CPU
	EndGlobalSection
	GlobalSection(ProjectConfigurationPlatforms) = postSolution
		{AC8308EC-4213-4249-8112-D5643C4441ED}.Debug|Any CPU.ActiveCfg = Debug|Any CPU
		{AC8308EC-4213-4249-8112-D5643C4441ED}.Debug|Any CPU.Build.0 = Debug|Any CPU
		{AC8308EC-4213-4249-8112-D5643C4441ED}.Release|Any CPU.ActiveCfg = Release|Any CPU
		{AC8308EC-4213-4249-8112-D5643C4441ED}.Release|Any CPU.Build.0 = Release|Any CPU
	EndGlobalSection
EndGlobal
